{
  "version": 4,
  "terraform_version": "1.10.3",
  "serial": 15,
  "lineage": "16c07237-89dc-b337-32eb-f2e9541138d3",
  "outputs": {},
  "resources": [
    {
      "mode": "managed",
      "type": "ionoscloud_k8s_cluster",
      "name": "example",
      "provider": "provider[\"registry.terraform.io/ionos-cloud/ionoscloud\"]",
      "instances": [
        {
          "schema_version": 0,
          "attributes": {
            "allow_replace": false,
            "api_subnet_allow_list": null,
            "id": "60abadc5-f0b7-4927-ba6b-727504f9830b",
            "k8s_version": "1.31.3",
            "location": null,
            "maintenance_window": [
              {
                "day_of_the_week": "Sunday",
                "time": "09:00:00Z"
              }
            ],
            "name": "k8sDeveloperCluster",
            "nat_gateway_ip": null,
            "node_subnet": null,
            "public": true,
            "s3_buckets": [],
            "timeouts": null,
            "viable_node_pool_versions": [
              "1.31.4",
              "1.31.3",
              "1.31.2",
              "1.30.8",
              "1.30.7",
              "1.30.6",
              "1.30.5",
              "1.30.4",
              "1.30.3",
              "1.30.2"
            ]
          },
          "sensitive_attributes": [],
          "private": "eyJlMmJmYjczMC1lY2FhLTExZTYtOGY4OC0zNDM2M2JjN2M0YzAiOnsiY3JlYXRlIjozNjAwMDAwMDAwMDAwLCJkZWZhdWx0IjozNjAwMDAwMDAwMDAwLCJkZWxldGUiOjM2MDAwMDAwMDAwMDAsInJlYWQiOjM2MDAwMDAwMDAwMDAsInVwZGF0ZSI6MzYwMDAwMDAwMDAwMH19"
        }
      ]
    },
    {
      "mode": "managed",
      "type": "ionoscloud_k8s_node_pool",
      "name": "example",
      "provider": "provider[\"registry.terraform.io/ionos-cloud/ionoscloud\"]",
      "instances": [
        {
          "schema_version": 1,
          "attributes": {
            "allow_replace": false,
            "annotations": null,
            "auto_scaling": [],
            "availability_zone": "AUTO",
            "cores_count": 8,
            "cpu_family": "INTEL_SKYLAKE",
            "datacenter_id": "60fa0343-a341-44a7-80f6-2b462ce0a9de",
            "id": "874b8198-b0c7-4d6a-b9b1-c75970f9f2ef",
            "k8s_cluster_id": "60abadc5-f0b7-4927-ba6b-727504f9830b",
            "k8s_version": "1.31.3",
            "labels": null,
            "lans": [],
            "maintenance_window": [
              {
                "day_of_the_week": "Monday",
                "time": "09:00:00Z"
              }
            ],
            "name": "k8sNodePool",
            "node_count": 3,
            "public_ips": null,
            "ram_size": 30720,
            "storage_size": 100,
            "storage_type": "SSD",
            "timeouts": null
          },
          "sensitive_attributes": [],
          "private": "eyJlMmJmYjczMC1lY2FhLTExZTYtOGY4OC0zNDM2M2JjN2M0YzAiOnsiY3JlYXRlIjoxMDgwMDAwMDAwMDAwMCwiZGVmYXVsdCI6MTA4MDAwMDAwMDAwMDAsImRlbGV0ZSI6MTA4MDAwMDAwMDAwMDAsInJlYWQiOjEwODAwMDAwMDAwMDAwLCJ1cGRhdGUiOjEwODAwMDAwMDAwMDAwfSwic2NoZW1hX3ZlcnNpb24iOiIxIn0=",
          "dependencies": [
            "ionoscloud_k8s_cluster.example"
          ]
        }
      ]
    }
  ],
  "check_results": null
}
